// !$*UTF8*$!
{
	archiveVersion = 1;
	classes = {
	};
	objectVersion = 50;
	objects = {

/* Begin PBXBuildFile section */
		CE5E23B7E6620E1BA999277E /* Pods_TempTracker.framework in Frameworks */ = {isa = PBXBuildFile; fileRef = 64C54EA40511FA299D06E106 /* Pods_TempTracker.framework */; };
		D9EDFD3E2423E3CE0028A4D0 /* AppDelegate.swift in Sources */ = {isa = PBXBuildFile; fileRef = D9EDFD3D2423E3CE0028A4D0 /* AppDelegate.swift */; };
		D9EDFD422423E3CE0028A4D0 /* ViewController.swift in Sources */ = {isa = PBXBuildFile; fileRef = D9EDFD412423E3CE0028A4D0 /* ViewController.swift */; };
		D9EDFD452423E3CE0028A4D0 /* Main.storyboard in Resources */ = {isa = PBXBuildFile; fileRef = D9EDFD432423E3CE0028A4D0 /* Main.storyboard */; };
		D9EDFD472423E3D00028A4D0 /* Assets.xcassets in Resources */ = {isa = PBXBuildFile; fileRef = D9EDFD462423E3D00028A4D0 /* Assets.xcassets */; };
		D9EDFD4A2423E3D00028A4D0 /* LaunchScreen.storyboard in Resources */ = {isa = PBXBuildFile; fileRef = D9EDFD482423E3D00028A4D0 /* LaunchScreen.storyboard */; };
/* End PBXBuildFile section */

/* Begin PBXFileReference section */
		64C54EA40511FA299D06E106 /* Pods_TempTracker.framework */ = {isa = PBXFileReference; explicitFileType = wrapper.framework; includeInIndex = 0; path = Pods_TempTracker.framework; sourceTree = BUILT_PRODUCTS_DIR; };
		974BD2579AFAF63451C0BB74 /* Pods-TempTracker.debug.xcconfig */ = {isa = PBXFileReference; includeInIndex = 1; lastKnownFileType = text.xcconfig; name = "Pods-TempTracker.debug.xcconfig"; path = "Target Support Files/Pods-TempTracker/Pods-TempTracker.debug.xcconfig"; sourceTree = "<group>"; };
		AC7448C78F5C7B79A67A11B2 /* Pods-TempTracker.release.xcconfig */ = {isa = PBXFileReference; includeInIndex = 1; lastKnownFileType = text.xcconfig; name = "Pods-TempTracker.release.xcconfig"; path = "Target Support Files/Pods-TempTracker/Pods-TempTracker.release.xcconfig"; sourceTree = "<group>"; };
		D9EDFD3A2423E3CE0028A4D0 /* TempTracker.app */ = {isa = PBXFileReference; explicitFileType = wrapper.application; includeInIndex = 0; path = TempTracker.app; sourceTree = BUILT_PRODUCTS_DIR; };
		D9EDFD3D2423E3CE0028A4D0 /* AppDelegate.swift */ = {isa = PBXFileReference; lastKnownFileType = sourcecode.swift; path = AppDelegate.swift; sourceTree = "<group>"; };
		D9EDFD412423E3CE0028A4D0 /* ViewController.swift */ = {isa = PBXFileReference; lastKnownFileType = sourcecode.swift; path = ViewController.swift; sourceTree = "<group>"; };
		D9EDFD442423E3CE0028A4D0 /* Base */ = {isa = PBXFileReference; lastKnownFileType = file.storyboard; name = Base; path = Base.lproj/Main.storyboard; sourceTree = "<group>"; };
		D9EDFD462423E3D00028A4D0 /* Assets.xcassets */ = {isa = PBXFileReference; lastKnownFileType = folder.assetcatalog; path = Assets.xcassets; sourceTree = "<group>"; };
		D9EDFD492423E3D00028A4D0 /* Base */ = {isa = PBXFileReference; lastKnownFileType = file.storyboard; name = Base; path = Base.lproj/LaunchScreen.storyboard; sourceTree = "<group>"; };
		D9EDFD4B2423E3D00028A4D0 /* Info.plist */ = {isa = PBXFileReference; lastKnownFileType = text.plist.xml; path = Info.plist; sourceTree = "<group>"; };
/* End PBXFileReference section */

/* Begin PBXFrameworksBuildPhase section */
		D9EDFD372423E3CE0028A4D0 /* Frameworks */ = {
			isa = PBXFrameworksBuildPhase;
			buildActionMask = 2147483647;
			files = (
				CE5E23B7E6620E1BA999277E /* Pods_TempTracker.framework in Frameworks */,
			);
			runOnlyForDeploymentPostprocessing = 0;
		};
/* End PBXFrameworksBuildPhase section */

/* Begin PBXGroup section */
		C9226B2E950FE82B45BF002F /* Pods */ = {
			isa = PBXGroup;
			children = (
				974BD2579AFAF63451C0BB74 /* Pods-TempTracker.debug.xcconfig */,
				AC7448C78F5C7B79A67A11B2 /* Pods-TempTracker.release.xcconfig */,
			);
			path = Pods;
			sourceTree = "<group>";
		};
		D59A3589382087AFCA8849BA /* Frameworks */ = {
			isa = PBXGroup;
			children = (
				64C54EA40511FA299D06E106 /* Pods_TempTracker.framework */,
			);
			name = Frameworks;
			sourceTree = "<group>";
		};
		D9EDFD312423E3CE0028A4D0 = {
			isa = PBXGroup;
			children = (
				D9EDFD3C2423E3CE0028A4D0 /* TempTracker */,
				D9EDFD3B2423E3CE0028A4D0 /* Products */,
				C9226B2E950FE82B45BF002F /* Pods */,
				D59A3589382087AFCA8849BA /* Frameworks */,
			);
			sourceTree = "<group>";
		};
		D9EDFD3B2423E3CE0028A4D0 /* Products */ = {
			isa = PBXGroup;
			children = (
				D9EDFD3A2423E3CE0028A4D0 /* TempTracker.app */,
			);
			name = Products;
			sourceTree = "<group>";
		};
		D9EDFD3C2423E3CE0028A4D0 /* TempTracker */ = {
			isa = PBXGroup;
			children = (
				D9EDFD3D2423E3CE0028A4D0 /* AppDelegate.swift */,
				D9EDFD412423E3CE0028A4D0 /* ViewController.swift */,
				D9EDFD432423E3CE0028A4D0 /* Main.storyboard */,
				D9EDFD462423E3D00028A4D0 /* Assets.xcassets */,
				D9EDFD482423E3D00028A4D0 /* LaunchScreen.storyboard */,
				D9EDFD4B2423E3D00028A4D0 /* Info.plist */,
			);
			path = TempTracker;
			sourceTree = "<group>";
		};
/* End PBXGroup section */

/* Begin PBXNativeTarget section */
		D9EDFD392423E3CE0028A4D0 /* TempTracker */ = {
			isa = PBXNativeTarget;
			buildConfigurationList = D9EDFD4E2423E3D00028A4D0 /* Build configuration list for PBXNativeTarget "TempTracker" */;
			buildPhases = (
				7563BC2CFB2CEB3AA744AB23 /* [CP] Check Pods Manifest.lock */,
				D9EDFD362423E3CE0028A4D0 /* Sources */,
				D9EDFD372423E3CE0028A4D0 /* Frameworks */,
				D9EDFD382423E3CE0028A4D0 /* Resources */,
			);
			buildRules = (
			);
			dependencies = (
			);
			name = TempTracker;
			productName = TempTracker;
			productReference = D9EDFD3A2423E3CE0028A4D0 /* TempTracker.app */;
			productType = "com.apple.product-type.application";
		};
/* End PBXNativeTarget section */

/* Begin PBXProject section */
		D9EDFD322423E3CE0028A4D0 /* Project object */ = {
			isa = PBXProject;
			attributes = {
				LastSwiftUpdateCheck = 1130;
				LastUpgradeCheck = 1130;
				ORGANIZATIONNAME = "Jacqueline Sloves";
				TargetAttributes = {
					D9EDFD392423E3CE0028A4D0 = {
						CreatedOnToolsVersion = 11.3.1;
					};
				};
			};
			buildConfigurationList = D9EDFD352423E3CE0028A4D0 /* Build configuration list for PBXProject "TempTracker" */;
			compatibilityVersion = "Xcode 9.3";
			developmentRegion = en;
			hasScannedForEncodings = 0;
			knownRegions = (
				en,
				Base,
			);
			mainGroup = D9EDFD312423E3CE0028A4D0;
			productRefGroup = D9EDFD3B2423E3CE0028A4D0 /* Products */;
			projectDirPath = "";
			projectRoot = "";
			targets = (
				D9EDFD392423E3CE0028A4D0 /* TempTracker */,
			);
		};
/* End PBXProject section */

/* Begin PBXResourcesBuildPhase section */
		D9EDFD382423E3CE0028A4D0 /* Resources */ = {
			isa = PBXResourcesBuildPhase;
			buildActionMask = 2147483647;
			files = (
				D9EDFD4A2423E3D00028A4D0 /* LaunchScreen.storyboard in Resources */,
				D9EDFD472423E3D00028A4D0 /* Assets.xcassets in Resources */,
				D9EDFD452423E3CE0028A4D0 /* Main.storyboard in Resources */,
			);
			runOnlyForDeploymentPostprocessing = 0;
		};
/* End PBXResourcesBuildPhase section */

/* Begin PBXShellScriptBuildPhase section */
		7563BC2CFB2CEB3AA744AB23 /* [CP] Check Pods Manifest.lock */ = {
			isa = PBXShellScriptBuildPhase;
			buildActionMask = 2147483647;
			files = (
			);
			inputFileListPaths = (
			);
			inputPaths = (
				"${PODS_PODFILE_DIR_PATH}/Podfile.lock",
				"${PODS_ROOT}/Manifest.lock",
			);
			name = "[CP] Check Pods Manifest.lock";
			outputFileListPaths = (
			);
			outputPaths = (
				"$(DERIVED_FILE_DIR)/Pods-TempTracker-checkManifestLockResult.txt",
			);
			runOnlyForDeploymentPostprocessing = 0;
			shellPath = /bin/sh;
			shellScript = "diff \"${PODS_PODFILE_DIR_PATH}/Podfile.lock\" \"${PODS_ROOT}/Manifest.lock\" > /dev/null\nif [ $? != 0 ] ; then\n    # print error to STDERR\n    echo \"error: The sandbox is not in sync with the Podfile.lock. Run 'pod install' or update your CocoaPods installation.\" >&2\n    exit 1\nfi\n# This output is used by Xcode 'outputs' to avoid re-running this script phase.\necho \"SUCCESS\" > \"${SCRIPT_OUTPUT_FILE_0}\"\n";
			showEnvVarsInLog = 0;
		};
/* End PBXShellScriptBuildPhase section */

/* Begin PBXSourcesBuildPhase section */
		D9EDFD362423E3CE0028A4D0 /* Sources */ = {
			isa = PBXSourcesBuildPhase;
			buildActionMask = 2147483647;
			files = (
				D9EDFD422423E3CE0028A4D0 /* ViewController.swift in Sources */,
				D9EDFD3E2423E3CE0028A4D0 /* AppDelegate.swift in Sources */,
			);
			runOnlyForDeploymentPostprocessing = 0;
		};
/* End PBXSourcesBuildPhase section */

/* Begin PBXVariantGroup section */
		D9EDFD432423E3CE0028A4D0 /* Main.storyboard */ = {
			isa = PBXVariantGroup;
			children = (
				D9EDFD442423E3CE0028A4D0 /* Base */,
			);
			name = Main.storyboard;
			sourceTree = "<group>";
		};
		D9EDFD482423E3D00028A4D0 /* LaunchScreen.storyboard */ = {
			isa = PBXVariantGroup;
			children = (
				D9EDFD492423E3D00028A4D0 /* Base */,
			);
			name = LaunchScreen.storyboard;
			sourceTree = "<group>";
		};
/* End PBXVariantGroup section */

/* Begin XCBuildConfiguration section */
		D9EDFD4C2423E3D00028A4D0 /* Debug */ = {
			isa = XCBuildConfiguration;
			buildSettings = {
				ALWAYS_SEARCH_USER_PATHS = NO;
				CLANG_ANALYZER_NONNULL = YES;
				CLANG_ANALYZER_NUMBER_OBJECT_CONVERSION = YES_AGGRESSIVE;
				CLANG_CXX_LANGUAGE_STANDARD = "gnu++14";
				CLANG_CXX_LIBRARY = "libc++";
				CLANG_ENABLE_MODULES = YES;
				CLANG_ENABLE_OBJC_ARC = YES;
				CLANG_ENABLE_OBJC_WEAK = YES;
				CLANG_WARN_BLOCK_CAPTURE_AUTORELEASING = YES;
				CLANG_WARN_BOOL_CONVERSION = YES;
				CLANG_WARN_COMMA = YES;
				CLANG_WARN_CONSTANT_CONVERSION = YES;
				CLANG_WARN_DEPRECATED_OBJC_IMPLEMENTATIONS = YES;
				CLANG_WARN_DIRECT_OBJC_ISA_USAGE = YES_ERROR;
				CLANG_WARN_DOCUMENTATION_COMMENTS = YES;
				CLANG_WARN_EMPTY_BODY = YES;
				CLANG_WARN_ENUM_CONVERSION = YES;
				CLANG_WARN_INFINITE_RECURSION = YES;
				CLANG_WARN_INT_CONVERSION = YES;
				CLANG_WARN_NON_LITERAL_NULL_CONVERSION = YES;
				CLANG_WARN_OBJC_IMPLICIT_RETAIN_SELF = YES;
				CLANG_WARN_OBJC_LITERAL_CONVERSION = YES;
				CLANG_WARN_OBJC_ROOT_CLASS = YES_ERROR;
				CLANG_WARN_RANGE_LOOP_ANALYSIS = YES;
				CLANG_WARN_STRICT_PROTOTYPES = YES;
				CLANG_WARN_SUSPICIOUS_MOVE = YES;
				CLANG_WARN_UNGUARDED_AVAILABILITY = YES_AGGRESSIVE;
				CLANG_WARN_UNREACHABLE_CODE = YES;
				CLANG_WARN__DUPLICATE_METHOD_MATCH = YES;
				COPY_PHASE_STRIP = NO;
				DEBUG_INFORMATION_FORMAT = dwarf;
				ENABLE_STRICT_OBJC_MSGSEND = YES;
				ENABLE_TESTABILITY = YES;
				GCC_C_LANGUAGE_STANDARD = gnu11;
				GCC_DYNAMIC_NO_PIC = NO;
				GCC_NO_COMMON_BLOCKS = YES;
				GCC_OPTIMIZATION_LEVEL = 0;
				GCC_PREPROCESSOR_DEFINITIONS = (
					"DEBUG=1",
					"$(inherited)",
				);
				GCC_WARN_64_TO_32_BIT_CONVERSION = YES;
				GCC_WARN_ABOUT_RETURN_TYPE = YES_ERROR;
				GCC_WARN_UNDECLARED_SELECTOR = YES;
				GCC_WARN_UNINITIALIZED_AUTOS = YES_AGGRESSIVE;
				GCC_WARN_UNUSED_FUNCTION = YES;
				GCC_WARN_UNUSED_VARIABLE = YES;
				IPHONEOS_DEPLOYMENT_TARGET = 11.0;
				MTL_ENABLE_DEBUG_INFO = INCLUDE_SOURCE;
				MTL_FAST_MATH = YES;
				ONLY_ACTIVE_ARCH = YES;
				SDKROOT = iphoneos;
				SWIFT_ACTIVE_COMPILATION_CONDITIONS = DEBUG;
				SWIFT_OPTIMIZATION_LEVEL = "-Onone";
			};
			name = Debug;
		};
		D9EDFD4D2423E3D00028A4D0 /* Release */ = {
			isa = XCBuildConfiguration;
			buildSettings = {
				ALWAYS_SEARCH_USER_PATHS = NO;
				CLANG_ANALYZER_NONNULL = YES;
				CLANG_ANALYZER_NUMBER_OBJECT_CONVERSION = YES_AGGRESSIVE;
				CLANG_CXX_LANGUAGE_STANDARD = "gnu++14";
				CLANG_CXX_LIBRARY = "libc++";
				CLANG_ENABLE_MODULES = YES;
				CLANG_ENABLE_OBJC_ARC = YES;
				CLANG_ENABLE_OBJC_WEAK = YES;
				CLANG_WARN_BLOCK_CAPTURE_AUTORELEASING = YES;
				CLANG_WARN_BOOL_CONVERSION = YES;
				CLANG_WARN_COMMA = YES;
				CLANG_WARN_CONSTANT_CONVERSION = YES;
				CLANG_WARN_DEPRECATED_OBJC_IMPLEMENTATIONS = YES;
				CLANG_WARN_DIRECT_OBJC_ISA_USAGE = YES_ERROR;
				CLANG_WARN_DOCUMENTATION_COMMENTS = YES;
				CLANG_WARN_EMPTY_BODY = YES;
				CLANG_WARN_ENUM_CONVERSION = YES;
				CLANG_WARN_INFINITE_RECURSION = YES;
				CLANG_WARN_INT_CONVERSION = YES;
				CLANG_WARN_NON_LITERAL_NULL_CONVERSION = YES;
				CLANG_WARN_OBJC_IMPLICIT_RETAIN_SELF = YES;
				CLANG_WARN_OBJC_LITERAL_CONVERSION = YES;
				CLANG_WARN_OBJC_ROOT_CLASS = YES_ERROR;
				CLANG_WARN_RANGE_LOOP_ANALYSIS = YES;
				CLANG_WARN_STRICT_PROTOTYPES = YES;
				CLANG_WARN_SUSPICIOUS_MOVE = YES;
				CLANG_WARN_UNGUARDED_AVAILABILITY = YES_AGGRESSIVE;
				CLANG_WARN_UNREACHABLE_CODE = YES;
				CLANG_WARN__DUPLICATE_METHOD_MATCH = YES;
				COPY_PHASE_STRIP = NO;
				DEBUG_INFORMATION_FORMAT = "dwarf-with-dsym";
				ENABLE_NS_ASSERTIONS = NO;
				ENABLE_STRICT_OBJC_MSGSEND = YES;
				GCC_C_LANGUAGE_STANDARD = gnu11;
				GCC_NO_COMMON_BLOCKS = YES;
				GCC_WARN_64_TO_32_BIT_CONVERSION = YES;
				GCC_WARN_ABOUT_RETURN_TYPE = YES_ERROR;
				GCC_WARN_UNDECLARED_SELECTOR = YES;
				GCC_WARN_UNINITIALIZED_AUTOS = YES_AGGRESSIVE;
				GCC_WARN_UNUSED_FUNCTION = YES;
				GCC_WARN_UNUSED_VARIABLE = YES;
				IPHONEOS_DEPLOYMENT_TARGET = 11.0;
				MTL_ENABLE_DEBUG_INFO = NO;
				MTL_FAST_MATH = YES;
				SDKROOT = iphoneos;
				SWIFT_COMPILATION_MODE = wholemodule;
				SWIFT_OPTIMIZATION_LEVEL = "-O";
				VALIDATE_PRODUCT = YES;
			};
			name = Release;
		};
		D9EDFD4F2423E3D00028A4D0 /* Debug */ = {
			isa = XCBuildConfiguration;
			baseConfigurationReference = 974BD2579AFAF63451C0BB74 /* Pods-TempTracker.debug.xcconfig */;
			buildSettings = {
				ASSETCATALOG_COMPILER_APPICON_NAME = AppIcon;
				CODE_SIGN_STYLE = Automatic;
				DEVELOPMENT_TEAM = CMJT429HNE;
				INFOPLIST_FILE = TempTracker/Info.plist;
				IPHONEOS_DEPLOYMENT_TARGET = 11.0;
				LD_RUNPATH_SEARCH_PATHS = (
					"$(inherited)",
					"@executable_path/Frameworks",
				);
				PRODUCT_BUNDLE_IDENTIFIER = jsloves.TempTracker;
				PRODUCT_NAME = "$(TARGET_NAME)";
				SWIFT_VERSION = 5.0;
				TARGETED_DEVICE_FAMILY = "1,2";
			};
			name = Debug;
		};
		D9EDFD502423E3D00028A4D0 /* Release */ = {
			isa = XCBuildConfiguration;
			baseConfigurationReference = AC7448C78F5C7B79A67A11B2 /* Pods-TempTracker.release.xcconfig */;
			buildSettings = {
				ASSETCATALOG_COMPILER_APPICON_NAME = AppIcon;
				CODE_SIGN_STYLE = Automatic;
				DEVELOPMENT_TEAM = CMJT429HNE;
				INFOPLIST_FILE = TempTracker/Info.plist;
				IPHONEOS_DEPLOYMENT_TARGET = 11.0;
				LD_RUNPATH_SEARCH_PATHS = (
					"$(inherited)",
					"@executable_path/Frameworks",
				);
				PRODUCT_BUNDLE_IDENTIFIER = jsloves.TempTracker;
				PRODUCT_NAME = "$(TARGET_NAME)";
				SWIFT_VERSION = 5.0;
				TARGETED_DEVICE_FAMILY = "1,2";
			};
			name = Release;
		};
/* End XCBuildConfiguration section */

/* Begin XCConfigurationList section */
		D9EDFD352423E3CE0028A4D0 /* Build configuration list for PBXProject "TempTracker" */ = {
			isa = XCConfigurationList;
			buildConfigurations = (
				D9EDFD4C2423E3D00028A4D0 /* Debug */,
				D9EDFD4D2423E3D00028A4D0 /* Release */,
			);
			defaultConfigurationIsVisible = 0;
			defaultConfigurationName = Release;
		};
		D9EDFD4E2423E3D00028A4D0 /* Build configuration list for PBXNativeTarget "TempTracker" */ = {
			isa = XCConfigurationList;
			buildConfigurations = (
				D9EDFD4F2423E3D00028A4D0 /* Debug */,
				D9EDFD502423E3D00028A4D0 /* Release */,
			);
			defaultConfigurationIsVisible = 0;
			defaultConfigurationName = Release;
		};
/* End XCConfigurationList section */
	};
	rootObject = D9EDFD322423E3CE0028A4D0 /* Project object */;
}
